
Microsoft Visual Studio Solution File, Format Version 12.00
# Visual Studio Version 16
VisualStudioVersion = 16.0.30611.23
MinimumVisualStudioVersion = 10.0.40219.1
Project("{9A19103F-16F7-4668-BE54-9A1E7A4F7556}") = "Entities", "Entities\Entities.csproj", "{7AA6691D-DCF5-4705-93FB-1DF724C10B0D}"
EndProject
Project("{9A19103F-16F7-4668-BE54-9A1E7A4F7556}") = "DataAccess", "DataAccess\DataAccess.csproj", "{C57EAD25-1848-4B90-B51C-146E9CCD5C47}"
EndProject
Project("{9A19103F-16F7-4668-BE54-9A1E7A4F7556}") = "WebUI", "WebUI\WebUI.csproj", "{8F25C426-1B10-4E9A-B5BF-2E610B05502A}"
EndProject
Project("{FAE04EC0-301F-11D3-BF4B-00C04F79EFBC}") = "Business", "Business\Business.csproj", "{454AC91A-9D72-4E5D-8B03-8EFE41F3433B}"
EndProject
Global
	GlobalSection(SolutionConfigurationPlatforms) = preSolution
		Debug|Any CPU = Debug|Any CPU
		Release|Any CPU = Release|Any CPU
	EndGlobalSection
	GlobalSection(ProjectConfigurationPlatforms) = postSolution
		{7AA6691D-DCF5-4705-93FB-1DF724C10B0D}.Debug|Any CPU.ActiveCfg = Debug|Any CPU
		{7AA6691D-DCF5-4705-93FB-1DF724C10B0D}.Debug|Any CPU.Build.0 = Debug|Any CPU
		{7AA6691D-DCF5-4705-93FB-1DF724C10B0D}.Release|Any CPU.ActiveCfg = Release|Any CPU
		{7AA6691D-DCF5-4705-93FB-1DF724C10B0D}.Release|Any CPU.Build.0 = Release|Any CPU
		{C57EAD25-1848-4B90-B51C-146E9CCD5C47}.Debug|Any CPU.ActiveCfg = Debug|Any CPU
		{C57EAD25-1848-4B90-B51C-146E9CCD5C47}.Debug|Any CPU.Build.0 = Debug|Any CPU
		{C57EAD25-1848-4B90-B51C-146E9CCD5C47}.Release|Any CPU.ActiveCfg = Release|Any CPU
		{C57EAD25-1848-4B90-B51C-146E9CCD5C47}.Release|Any CPU.Build.0 = Release|Any CPU
		{8F25C426-1B10-4E9A-B5BF-2E610B05502A}.Debug|Any CPU.ActiveCfg = Debug|Any CPU
		{8F25C426-1B10-4E9A-B5BF-2E610B05502A}.Debug|Any CPU.Build.0 = Debug|Any CPU
		{8F25C426-1B10-4E9A-B5BF-2E610B05502A}.Release|Any CPU.ActiveCfg = Release|Any CPU
		{8F25C426-1B10-4E9A-B5BF-2E610B05502A}.Release|Any CPU.Build.0 = Release|Any CPU
		{454AC91A-9D72-4E5D-8B03-8EFE41F3433B}.Debug|Any CPU.ActiveCfg = Debug|Any CPU
		{454AC91A-9D72-4E5D-8B03-8EFE41F3433B}.Debug|Any CPU.Build.0 = Debug|Any CPU
		{454AC91A-9D72-4E5D-8B03-8EFE41F3433B}.Release|Any CPU.ActiveCfg = Release|Any CPU
		{454AC91A-9D72-4E5D-8B03-8EFE41F3433B}.Release|Any CPU.Build.0 = Release|Any CPU
	EndGlobalSection
	GlobalSection(SolutionProperties) = preSolution
		HideSolutionNode = FALSE
	EndGlobalSection
	GlobalSection(ExtensibilityGlobals) = postSolution
		SolutionGuid = {3454127C-B12A-44E6-A6D6-329033A64735}
	EndGlobalSection
EndGlobal
